# This file is autogenerated, do not edit; changes may be undone by the next 'dep ensure'.


[[projects]]
  name = "github.com/influxdata/influxdb"
  packages = [
    "models",
    "pkg/escape"
  ]
  revision = "4e4e00bc5ab85a3ff5e988c91020cf0399a87026"
  version = "v1.5.4"

[[projects]]
  branch = "master"
  name = "github.com/influxdata/influxdb-relay"
  packages = ["relay"]
  revision = "adaa2ea7bf97af592884fcfa57df1a2a77adb571"

[[projects]]
  name = "github.com/naoina/go-stringutil"
  packages = ["."]
  revision = "6b638e95a32d0c1131db0e7fe83775cbea4a0d0b"
  version = "v0.1.0"

[[projects]]
  name = "github.com/naoina/toml"
  packages = [
    ".",
    "ast"
  ]
  revision = "e6f5723bf2a66af014955e0888881314cf294129"
  version = "v0.1.1"

[solve-meta]
  analyzer-name = "dep"
  analyzer-version = 1
  inputs-digest = "d4833f38d408a26ac32698fec49f8d184bd4e454e8460f058b3e281e06381c8a"
  solver-name = "gps-cdcl"
  solver-version = 1
